
Microsoft Visual Studio Solution File, Format Version 12.00
# Visual Studio Version 16
VisualStudioVersion = 16.0.30104.148
MinimumVisualStudioVersion = 10.0.40219.1
Project("{FAE04EC0-301F-11D3-BF4B-00C04F79EFBC}") = "Okj_1", "Okj_1\Okj_1.csproj", "{606B7535-D56A-4BBB-A48C-214178D41A21}"
EndProject
Global
	GlobalSection(SolutionConfigurationPlatforms) = preSolution
		Debug|Any CPU = Debug|Any CPU
		Release|Any CPU = Release|Any CPU
	EndGlobalSection
	GlobalSection(ProjectConfigurationPlatforms) = postSolution
		{606B7535-D56A-4BBB-A48C-214178D41A21}.Debug|Any CPU.ActiveCfg = Debug|Any CPU
		{606B7535-D56A-4BBB-A48C-214178D41A21}.Debug|Any CPU.Build.0 = Debug|Any CPU
		{606B7535-D56A-4BBB-A48C-214178D41A21}.Release|Any CPU.ActiveCfg = Release|Any CPU
		{606B7535-D56A-4BBB-A48C-214178D41A21}.Release|Any CPU.Build.0 = Release|Any CPU
	EndGlobalSection
	GlobalSection(SolutionProperties) = preSolution
		HideSolutionNode = FALSE
	EndGlobalSection
	GlobalSection(ExtensibilityGlobals) = postSolution
		SolutionGuid = {3E949EDC-ADA1-458B-ABB7-7B9FCA2E44CA}
	EndGlobalSection
EndGlobal
